
Microsoft Visual Studio Solution File, Format Version 12.00
# Visual Studio Version 17
VisualStudioVersion = 17.7.34221.43
MinimumVisualStudioVersion = 10.0.40219.1
Project("{9A19103F-16F7-4668-BE54-9A1E7A4F7556}") = "RequestForConsense.Blazor", "RequestForConsense.Blazor\RequestForConsense.Blazor.csproj", "{86BABF17-E48D-4D13-8FA6-283B8B487B9C}"
EndProject
Project("{FAE04EC0-301F-11D3-BF4B-00C04F79EFBC}") = "RequestForConsense.BL", "RequestForConsense.BL\RequestForConsense.BL.csproj", "{217F81C0-B2A9-4354-B948-E5CE8C2EC813}"
EndProject
Global
	GlobalSection(SolutionConfigurationPlatforms) = preSolution
		Debug|Any CPU = Debug|Any CPU
		Release|Any CPU = Release|Any CPU
	EndGlobalSection
	GlobalSection(ProjectConfigurationPlatforms) = postSolution
		{86BABF17-E48D-4D13-8FA6-283B8B487B9C}.Debug|Any CPU.ActiveCfg = Debug|Any CPU
		{86BABF17-E48D-4D13-8FA6-283B8B487B9C}.Debug|Any CPU.Build.0 = Debug|Any CPU
		{86BABF17-E48D-4D13-8FA6-283B8B487B9C}.Release|Any CPU.ActiveCfg = Release|Any CPU
		{86BABF17-E48D-4D13-8FA6-283B8B487B9C}.Release|Any CPU.Build.0 = Release|Any CPU
		{217F81C0-B2A9-4354-B948-E5CE8C2EC813}.Debug|Any CPU.ActiveCfg = Debug|Any CPU
		{217F81C0-B2A9-4354-B948-E5CE8C2EC813}.Debug|Any CPU.Build.0 = Debug|Any CPU
		{217F81C0-B2A9-4354-B948-E5CE8C2EC813}.Release|Any CPU.ActiveCfg = Release|Any CPU
		{217F81C0-B2A9-4354-B948-E5CE8C2EC813}.Release|Any CPU.Build.0 = Release|Any CPU
	EndGlobalSection
	GlobalSection(SolutionProperties) = preSolution
		HideSolutionNode = FALSE
	EndGlobalSection
	GlobalSection(ExtensibilityGlobals) = postSolution
		SolutionGuid = {E2671F12-73A1-44E1-A224-9468F0EBD883}
	EndGlobalSection
EndGlobal
